
Microsoft Visual Studio Solution File, Format Version 12.00
# Visual Studio Version 17
VisualStudioVersion = 17.14.36301.6
MinimumVisualStudioVersion = 10.0.40219.1
Project("{FAE04EC0-301F-11D3-BF4B-00C04F79EFBC}") = "charity-system", "charity-system.csproj", "{0F511E0A-82F2-4331-B1C2-7B0E1717959A}"
EndProject
Global
	GlobalSection(SolutionConfigurationPlatforms) = preSolution
		Debug|Any CPU = Debug|Any CPU
		Release|Any CPU = Release|Any CPU
	EndGlobalSection
	GlobalSection(ProjectConfigurationPlatforms) = postSolution
		{0F511E0A-82F2-4331-B1C2-7B0E1717959A}.Debug|Any CPU.ActiveCfg = Debug|Any CPU
		{0F511E0A-82F2-4331-B1C2-7B0E1717959A}.Debug|Any CPU.Build.0 = Debug|Any CPU
		{0F511E0A-82F2-4331-B1C2-7B0E1717959A}.Release|Any CPU.ActiveCfg = Release|Any CPU
		{0F511E0A-82F2-4331-B1C2-7B0E1717959A}.Release|Any CPU.Build.0 = Release|Any CPU
	EndGlobalSection
	GlobalSection(SolutionProperties) = preSolution
		HideSolutionNode = FALSE
	EndGlobalSection
	GlobalSection(ExtensibilityGlobals) = postSolution
		SolutionGuid = {08D59E8D-A3EA-4B0F-AAD6-343AE0F139E9}
	EndGlobalSection
EndGlobal
